{
  "version": 4,
  "terraform_version": "1.6.4",
  "serial": 16,
  "lineage": "48873d2e-7a9e-f22b-a613-4ddcc78ffb25",
  "outputs": {},
  "resources": [
    {
      "mode": "data",
      "type": "google_firebase_web_app_config",
      "name": "example",
      "provider": "provider[\"registry.terraform.io/hashicorp/google-beta\"]",
      "instances": [
        {
          "schema_version": 0,
          "attributes": {
            "api_key": "AIzaSyBiLEftOPrxmfW4Rrz8dM7gxvV_m0F2juo",
            "auth_domain": "fridgeai-d89c4.firebaseapp.com",
            "database_url": "",
            "id": "1:847762174109:web:6d6a0c123048f8ac7ae474",
            "location_id": "",
            "measurement_id": "",
            "messaging_sender_id": "847762174109",
            "project": "fridgeai-d89c4",
            "storage_bucket": "fridgeai-d89c4.firebasestorage.app",
            "web_app_id": "1:847762174109:web:6d6a0c123048f8ac7ae474"
          },
          "sensitive_attributes": []
        }
      ]
    },
    {
      "mode": "data",
      "type": "google_project",
      "name": "project",
      "provider": "provider[\"registry.terraform.io/hashicorp/google-beta\"]",
      "instances": [
        {
          "schema_version": 0,
          "attributes": {
            "auto_create_network": null,
            "billing_account": null,
            "deletion_policy": "DELETE",
            "effective_labels": {
              "firebase": "enabled",
              "firebase-core": "disabled"
            },
            "folder_id": null,
            "id": "projects/fridgeai-d89c4",
            "labels": {
              "firebase": "enabled",
              "firebase-core": "disabled"
            },
            "name": "FridgeAI",
            "number": "847762174109",
            "org_id": null,
            "project_id": "fridgeai-d89c4",
            "skip_delete": null,
            "terraform_labels": {
              "firebase": "enabled",
              "firebase-core": "disabled"
            }
          },
          "sensitive_attributes": []
        }
      ]
    },
    {
      "mode": "managed",
      "type": "google_apikeys_key",
      "name": "generativelanguage",
      "provider": "provider[\"registry.terraform.io/hashicorp/google-beta\"]",
      "instances": [
        {
          "schema_version": 0,
          "attributes": {
            "display_name": "Gemini API Key",
            "id": "projects/fridgeai-d89c4/locations/global/keys/gemini-api-key",
            "key_string": "AIzaSyANGTfJY7znIVhRRKnym0gPZ_lKp5ELEO8",
            "name": "gemini-api-key",
            "project": "fridgeai-d89c4",
            "restrictions": [
              {
                "android_key_restrictions": [],
                "api_targets": [
                  {
                    "methods": null,
                    "service": "generativelanguage.googleapis.com"
                  }
                ],
                "browser_key_restrictions": [
                  {
                    "allowed_referrers": [
                      "*"
                    ]
                  }
                ],
                "ios_key_restrictions": [],
                "server_key_restrictions": []
              }
            ],
            "timeouts": null,
            "uid": "6c60999b-2e56-4b3e-8b91-39473f5c2e86"
          },
          "sensitive_attributes": [],
          "private": "eyJlMmJmYjczMC1lY2FhLTExZTYtOGY4OC0zNDM2M2JjN2M0YzAiOnsiY3JlYXRlIjoxMjAwMDAwMDAwMDAwLCJkZWxldGUiOjEyMDAwMDAwMDAwMDAsInVwZGF0ZSI6MTIwMDAwMDAwMDAwMH19",
          "dependencies": [
            "google_project_service.services"
          ]
        }
      ]
    },
    {
      "mode": "managed",
      "type": "google_firebase_web_app",
      "name": "example",
      "provider": "provider[\"registry.terraform.io/hashicorp/google-beta\"]",
      "instances": [
        {
          "schema_version": 0,
          "attributes": {
            "api_key_id": "4884ca7c-84c1-49b6-8b2e-b1ad7ab2c9f8",
            "app_id": "1:847762174109:web:6d6a0c123048f8ac7ae474",
            "app_urls": [],
            "deletion_policy": "DELETE",
            "display_name": "Make It So AI!",
            "id": "projects/fridgeai-d89c4/webApps/1:847762174109:web:6d6a0c123048f8ac7ae474",
            "name": "projects/fridgeai-d89c4/webApps/1:847762174109:web:6d6a0c123048f8ac7ae474",
            "project": "fridgeai-d89c4",
            "timeouts": null
          },
          "sensitive_attributes": [],
          "private": "eyJlMmJmYjczMC1lY2FhLTExZTYtOGY4OC0zNDM2M2JjN2M0YzAiOnsiY3JlYXRlIjoxMjAwMDAwMDAwMDAwLCJkZWxldGUiOjEyMDAwMDAwMDAwMDAsInVwZGF0ZSI6MTIwMDAwMDAwMDAwMH19"
        }
      ]
    },
    {
      "mode": "managed",
      "type": "google_firebaserules_release",
      "name": "firestore",
      "provider": "provider[\"registry.terraform.io/hashicorp/google-beta\"]",
      "instances": [
        {
          "schema_version": 0,
          "attributes": {
            "create_time": "2025-04-30T15:26:08.140786Z",
            "disabled": false,
            "id": "projects/fridgeai-d89c4/releases/cloud.firestore",
            "name": "cloud.firestore",
            "project": "fridgeai-d89c4",
            "ruleset_name": "a5c21d7c-7dd3-4bb0-a51a-89d4ac7af15c",
            "timeouts": null,
            "update_time": "2025-04-30T15:26:08.140786Z"
          },
          "sensitive_attributes": [],
          "private": "eyJlMmJmYjczMC1lY2FhLTExZTYtOGY4OC0zNDM2M2JjN2M0YzAiOnsiY3JlYXRlIjoxMjAwMDAwMDAwMDAwLCJkZWxldGUiOjEyMDAwMDAwMDAwMDB9fQ==",
          "dependencies": [
            "google_firebaserules_ruleset.firestore",
            "google_firestore_database.database",
            "google_project_service.services",
            "local_file.firestore_rules"
          ]
        }
      ]
    },
    {
      "mode": "managed",
      "type": "google_firebaserules_ruleset",
      "name": "firestore",
      "provider": "provider[\"registry.terraform.io/hashicorp/google-beta\"]",
      "instances": [
        {
          "schema_version": 0,
          "attributes": {
            "create_time": "2025-04-30T15:26:04.905353Z",
            "id": "projects/fridgeai-d89c4/rulesets/a5c21d7c-7dd3-4bb0-a51a-89d4ac7af15c",
            "metadata": [
              {
                "services": [
                  "cloud.firestore"
                ]
              }
            ],
            "name": "a5c21d7c-7dd3-4bb0-a51a-89d4ac7af15c",
            "project": "fridgeai-d89c4",
            "source": [
              {
                "files": [
                  {
                    "content": "service cloud.firestore {\n  match /databases/{database}/documents/{document=**} {\n    allow read, write: if request.auth != null \u0026\u0026 request.time \u003c timestamp.date(2025, 5, 30);\n  }\n}\n",
                    "fingerprint": "",
                    "name": "firestore.rules"
                  }
                ],
                "language": ""
              }
            ],
            "timeouts": null
          },
          "sensitive_attributes": [],
          "private": "eyJlMmJmYjczMC1lY2FhLTExZTYtOGY4OC0zNDM2M2JjN2M0YzAiOnsiY3JlYXRlIjoxMjAwMDAwMDAwMDAwLCJkZWxldGUiOjEyMDAwMDAwMDAwMDB9fQ==",
          "dependencies": [
            "google_firestore_database.database",
            "google_project_service.services",
            "local_file.firestore_rules"
          ]
        }
      ]
    },
    {
      "mode": "managed",
      "type": "google_firestore_database",
      "name": "database",
      "provider": "provider[\"registry.terraform.io/hashicorp/google-beta\"]",
      "instances": [
        {
          "schema_version": 0,
          "attributes": {
            "app_engine_integration_mode": "DISABLED",
            "cmek_config": [],
            "concurrency_mode": "PESSIMISTIC",
            "create_time": "",
            "delete_protection_state": "DELETE_PROTECTION_DISABLED",
            "deletion_policy": "ABANDON",
            "earliest_version_time": "2025-04-30T15:25:52.339397Z",
            "etag": "IPiiqMiIgI0DMMXb3cKIgI0D",
            "id": "projects/fridgeai-d89c4/databases/(default)",
            "key_prefix": "",
            "location_id": "nam5",
            "name": "(default)",
            "point_in_time_recovery_enablement": "POINT_IN_TIME_RECOVERY_DISABLED",
            "project": "fridgeai-d89c4",
            "timeouts": null,
            "type": "FIRESTORE_NATIVE",
            "uid": "451e5240-abb6-4560-8460-6aec08307793",
            "update_time": "",
            "version_retention_period": "3600s"
          },
          "sensitive_attributes": [],
          "private": "eyJlMmJmYjczMC1lY2FhLTExZTYtOGY4OC0zNDM2M2JjN2M0YzAiOnsiY3JlYXRlIjoxMjAwMDAwMDAwMDAwLCJkZWxldGUiOjEyMDAwMDAwMDAwMDAsInVwZGF0ZSI6MTIwMDAwMDAwMDAwMH19",
          "dependencies": [
            "google_project_service.services"
          ]
        }
      ]
    },
    {
      "mode": "managed",
      "type": "google_project_service",
      "name": "services",
      "provider": "provider[\"registry.terraform.io/hashicorp/google-beta\"]",
      "instances": [
        {
          "index_key": "apikeys.googleapis.com",
          "schema_version": 0,
          "attributes": {
            "check_if_service_has_usage_on_destroy": false,
            "disable_dependent_services": null,
            "disable_on_destroy": false,
            "id": "fridgeai-d89c4/apikeys.googleapis.com",
            "project": "fridgeai-d89c4",
            "service": "apikeys.googleapis.com",
            "timeouts": null
          },
          "sensitive_attributes": [],
          "private": "eyJlMmJmYjczMC1lY2FhLTExZTYtOGY4OC0zNDM2M2JjN2M0YzAiOnsiY3JlYXRlIjoxMjAwMDAwMDAwMDAwLCJkZWxldGUiOjEyMDAwMDAwMDAwMDAsInJlYWQiOjYwMDAwMDAwMDAwMCwidXBkYXRlIjoxMjAwMDAwMDAwMDAwfX0="
        },
        {
          "index_key": "firebaserules.googleapis.com",
          "schema_version": 0,
          "attributes": {
            "check_if_service_has_usage_on_destroy": false,
            "disable_dependent_services": null,
            "disable_on_destroy": false,
            "id": "fridgeai-d89c4/firebaserules.googleapis.com",
            "project": "fridgeai-d89c4",
            "service": "firebaserules.googleapis.com",
            "timeouts": null
          },
          "sensitive_attributes": [],
          "private": "eyJlMmJmYjczMC1lY2FhLTExZTYtOGY4OC0zNDM2M2JjN2M0YzAiOnsiY3JlYXRlIjoxMjAwMDAwMDAwMDAwLCJkZWxldGUiOjEyMDAwMDAwMDAwMDAsInJlYWQiOjYwMDAwMDAwMDAwMCwidXBkYXRlIjoxMjAwMDAwMDAwMDAwfX0="
        },
        {
          "index_key": "firestore.googleapis.com",
          "schema_version": 0,
          "attributes": {
            "check_if_service_has_usage_on_destroy": false,
            "disable_dependent_services": null,
            "disable_on_destroy": false,
            "id": "fridgeai-d89c4/firestore.googleapis.com",
            "project": "fridgeai-d89c4",
            "service": "firestore.googleapis.com",
            "timeouts": null
          },
          "sensitive_attributes": [],
          "private": "eyJlMmJmYjczMC1lY2FhLTExZTYtOGY4OC0zNDM2M2JjN2M0YzAiOnsiY3JlYXRlIjoxMjAwMDAwMDAwMDAwLCJkZWxldGUiOjEyMDAwMDAwMDAwMDAsInJlYWQiOjYwMDAwMDAwMDAwMCwidXBkYXRlIjoxMjAwMDAwMDAwMDAwfX0="
        },
        {
          "index_key": "generativelanguage.googleapis.com",
          "schema_version": 0,
          "attributes": {
            "check_if_service_has_usage_on_destroy": false,
            "disable_dependent_services": null,
            "disable_on_destroy": false,
            "id": "fridgeai-d89c4/generativelanguage.googleapis.com",
            "project": "fridgeai-d89c4",
            "service": "generativelanguage.googleapis.com",
            "timeouts": null
          },
          "sensitive_attributes": [],
          "private": "eyJlMmJmYjczMC1lY2FhLTExZTYtOGY4OC0zNDM2M2JjN2M0YzAiOnsiY3JlYXRlIjoxMjAwMDAwMDAwMDAwLCJkZWxldGUiOjEyMDAwMDAwMDAwMDAsInJlYWQiOjYwMDAwMDAwMDAwMCwidXBkYXRlIjoxMjAwMDAwMDAwMDAwfX0="
        },
        {
          "index_key": "serviceusage.googleapis.com",
          "schema_version": 0,
          "attributes": {
            "check_if_service_has_usage_on_destroy": false,
            "disable_dependent_services": null,
            "disable_on_destroy": false,
            "id": "fridgeai-d89c4/serviceusage.googleapis.com",
            "project": "fridgeai-d89c4",
            "service": "serviceusage.googleapis.com",
            "timeouts": null
          },
          "sensitive_attributes": [],
          "private": "eyJlMmJmYjczMC1lY2FhLTExZTYtOGY4OC0zNDM2M2JjN2M0YzAiOnsiY3JlYXRlIjoxMjAwMDAwMDAwMDAwLCJkZWxldGUiOjEyMDAwMDAwMDAwMDAsInJlYWQiOjYwMDAwMDAwMDAwMCwidXBkYXRlIjoxMjAwMDAwMDAwMDAwfX0="
        }
      ]
    },
    {
      "mode": "managed",
      "type": "google_service_usage_consumer_quota_override",
      "name": "generativelanguage",
      "provider": "provider[\"registry.terraform.io/hashicorp/google-beta\"]",
      "instances": [
        {
          "schema_version": 0,
          "attributes": {
            "dimensions": null,
            "force": true,
            "id": "projects/fridgeai-d89c4/services/generativelanguage.googleapis.com/consumerQuotaMetrics/generativelanguage.googleapis.com%2Fgenerate_requests_per_model/limits/%2Fmin%2Fmodel%2Fproject/consumerOverrides/Cg1RdW90YU92ZXJyaWRl",
            "limit": "%2Fmin%2Fmodel%2Fproject",
            "metric": "generativelanguage.googleapis.com%2Fgenerate_requests_per_model",
            "name": "Cg1RdW90YU92ZXJyaWRl",
            "override_value": "10",
            "project": "fridgeai-d89c4",
            "service": "generativelanguage.googleapis.com",
            "timeouts": null
          },
          "sensitive_attributes": [],
          "private": "eyJlMmJmYjczMC1lY2FhLTExZTYtOGY4OC0zNDM2M2JjN2M0YzAiOnsiY3JlYXRlIjoxMjAwMDAwMDAwMDAwLCJkZWxldGUiOjEyMDAwMDAwMDAwMDAsInVwZGF0ZSI6MTIwMDAwMDAwMDAwMH19",
          "dependencies": [
            "google_project_service.services"
          ]
        }
      ]
    },
    {
      "mode": "managed",
      "type": "local_file",
      "name": "environment_ts",
      "provider": "provider[\"registry.terraform.io/hashicorp/local\"]",
      "instances": [
        {
          "schema_version": 0,
          "attributes": {
            "content": "export const environment = {\n  firebase: {\n      apiKey: 'AIzaSyBiLEftOPrxmfW4Rrz8dM7gxvV_m0F2juo',\n      authDomain: 'fridgeai-d89c4.firebaseapp.com',\n      databaseURL: '',\n      projectId: 'fridgeai-d89c4',\n      storageBucket: 'fridgeai-d89c4.firebasestorage.app',\n      messagingSenderId: '847762174109',\n      appId: '1:847762174109:web:6d6a0c123048f8ac7ae474',\n      measurementId: '',\n  },\n  gemini_api_key: 'AIzaSyANGTfJY7znIVhRRKnym0gPZ_lKp5ELEO8',\n  debug_token: ''\n};",
            "content_base64": null,
            "content_base64sha256": "KK7noPkxl+uo6eZRzPvMlMWvuyUtVPZC7HM4T5XqVSU=",
            "content_base64sha512": "GBByjarYfI/6u6Hpo3o2OV+cO9m323W1E820ODbJw9IUNECx9HcSCfNRnJeqkMN8+rwVR10shpurGFssNCslBw==",
            "content_md5": "07720647938f82c729891f0f517cfb9c",
            "content_sha1": "0e5d9a5e02bebcf095fe20ae929e7e2cdc487e60",
            "content_sha256": "28aee7a0f93197eba8e9e651ccfbcc94c5afbb252d54f642ec73384f95ea5525",
            "content_sha512": "1810728daad87c8ffabba1e9a37a36395f9c3bd9b7db75b513cdb43836c9c3d2143440b1f4771209f3519c97aa90c37cfabc15475d2c869bab185b2c342b2507",
            "directory_permission": "0777",
            "file_permission": "0777",
            "filename": "./src/environments/environments.ts",
            "id": "0e5d9a5e02bebcf095fe20ae929e7e2cdc487e60",
            "sensitive_content": null,
            "source": null
          },
          "sensitive_attributes": [
            [
              {
                "type": "get_attr",
                "value": "content"
              }
            ]
          ],
          "dependencies": [
            "data.google_firebase_web_app_config.example",
            "data.google_project.project",
            "google_apikeys_key.generativelanguage",
            "google_firebase_web_app.example",
            "google_project_service.services"
          ]
        }
      ]
    },
    {
      "mode": "managed",
      "type": "local_file",
      "name": "firebaserc",
      "provider": "provider[\"registry.terraform.io/hashicorp/local\"]",
      "instances": [
        {
          "schema_version": 0,
          "attributes": {
            "content": "{\"projects\":{\"default\":\"fridgeai-d89c4\"}}",
            "content_base64": null,
            "content_base64sha256": "WXtbPU9TPQyB7AfEB3NUj9JhdSAqqy8t9uHmKE/j1X0=",
            "content_base64sha512": "79ALpHxoTaW6mZnhv3AZUfr5BcD6nPqQ48V6xi8kuNRHHlJ5sxsJ5UfIlhkMGC+iW2CbuAMWd/3yeEZAwQAF9w==",
            "content_md5": "538d76bac83a64c55cbb91b112a84f85",
            "content_sha1": "f8ad49764d73982865df312ccee7ce66a0dec451",
            "content_sha256": "597b5b3d4f533d0c81ec07c40773548fd26175202aab2f2df6e1e6284fe3d57d",
            "content_sha512": "efd00ba47c684da5ba9999e1bf701951faf905c0fa9cfa90e3c57ac62f24b8d4471e5279b31b09e547c896190c182fa25b609bb8031677fdf2784640c10005f7",
            "directory_permission": "0777",
            "file_permission": "0777",
            "filename": "./.firebaserc",
            "id": "f8ad49764d73982865df312ccee7ce66a0dec451",
            "sensitive_content": null,
            "source": null
          },
          "sensitive_attributes": []
        }
      ]
    },
    {
      "mode": "managed",
      "type": "local_file",
      "name": "firestore_rules",
      "provider": "provider[\"registry.terraform.io/hashicorp/local\"]",
      "instances": [
        {
          "schema_version": 0,
          "attributes": {
            "content": "service cloud.firestore {\n  match /databases/{database}/documents/{document=**} {\n    allow read, write: if request.auth != null \u0026\u0026 request.time \u003c timestamp.date(2025, 5, 30);\n  }\n}\n",
            "content_base64": null,
            "content_base64sha256": "+NYqilNFK2CtLetjsaqUGsgx6AmTctEFxOI3FVqVFNM=",
            "content_base64sha512": "sW7yqTrMG1jtgczObOQkj/vuYudImKitlpy7h1Jq0rZ9hQRfJdDw9uPdtEOccEt+ZB7zjrPCkVVnZDwT4Ii3SQ==",
            "content_md5": "5a0002ee9cec4bb42471da9f66f924a9",
            "content_sha1": "145bbcd9ed8f42b93d16147d446c3a62076f38d7",
            "content_sha256": "f8d62a8a53452b60ad2deb63b1aa941ac831e8099372d105c4e237155a9514d3",
            "content_sha512": "b16ef2a93acc1b58ed81ccce6ce4248ffbee62e74898a8ad969cbb87526ad2b67d85045f25d0f0f6e3ddb4439c704b7e641ef38eb3c2915567643c13e088b749",
            "directory_permission": "0777",
            "file_permission": "0777",
            "filename": "./firestore.rules",
            "id": "145bbcd9ed8f42b93d16147d446c3a62076f38d7",
            "sensitive_content": null,
            "source": null
          },
          "sensitive_attributes": []
        }
      ]
    }
  ],
  "check_results": null
}
